PODS:
  - Alamofire (4.6.0)
  - AlamofireImage (3.3.0):
    - Alamofire (~> 4.5)
  - KeychainAccess (3.1.0)
  - OAuthSwift (1.1.2)
  - OAuthSwiftAlamofire (0.1.0):
    - Alamofire
    - OAuthSwift

DEPENDENCIES:
  - Alamofire (~> 4.4)
  - AlamofireImage (~> 3.3)
  - KeychainAccess
  - OAuthSwift (~> 1.1.0)
  - OAuthSwiftAlamofire

SPEC CHECKSUMS:
  Alamofire: f41a599bd63041760b26d393ec1069d9d7b917f4
  AlamofireImage: 2e784dc5d00f04903a52c1d169181469c805c3df
  KeychainAccess: 94c5540b32eabf7bc32bfb976a268e8ea05fd6da
  OAuthSwift: 5aa5659984d3ca3206ba636a9e7a9c6626b2e8bd
  OAuthSwiftAlamofire: 20bb998ac506f82c3bab0625fbc98a9c6fca783f

PODFILE CHECKSUM: 8579f4e8c0283e3442d28f5f98cc4aff1ee20a3a

COCOAPODS: 1.4.0
